
Microsoft Visual Studio Solution File, Format Version 12.00
# Visual Studio Version 17
VisualStudioVersion = 17.14.36221.1 d17.14
MinimumVisualStudioVersion = 10.0.40219.1
Project("{00D1A9C2-B5F0-4AF3-8072-F6C62B433612}") = "xBuddy.SqlServer", "xBuddy.SqlServer\xBuddy.SqlServer.sqlproj", "{A73A01FE-1781-4D7C-A23A-54C32C6BED1E}"
EndProject
Global
	GlobalSection(SolutionConfigurationPlatforms) = preSolution
		Debug|Any CPU = Debug|Any CPU
		Release|Any CPU = Release|Any CPU
	EndGlobalSection
	GlobalSection(ProjectConfigurationPlatforms) = postSolution
		{A73A01FE-1781-4D7C-A23A-54C32C6BED1E}.Debug|Any CPU.ActiveCfg = Debug|Any CPU
		{A73A01FE-1781-4D7C-A23A-54C32C6BED1E}.Debug|Any CPU.Build.0 = Debug|Any CPU
		{A73A01FE-1781-4D7C-A23A-54C32C6BED1E}.Debug|Any CPU.Deploy.0 = Debug|Any CPU
		{A73A01FE-1781-4D7C-A23A-54C32C6BED1E}.Release|Any CPU.ActiveCfg = Release|Any CPU
		{A73A01FE-1781-4D7C-A23A-54C32C6BED1E}.Release|Any CPU.Build.0 = Release|Any CPU
		{A73A01FE-1781-4D7C-A23A-54C32C6BED1E}.Release|Any CPU.Deploy.0 = Release|Any CPU
	EndGlobalSection
	GlobalSection(SolutionProperties) = preSolution
		HideSolutionNode = FALSE
	EndGlobalSection
	GlobalSection(ExtensibilityGlobals) = postSolution
		SolutionGuid = {2DB47B7D-0D39-40E5-A273-B277B8A40F53}
	EndGlobalSection
EndGlobal
